{
  "version": "5",
  "specifiers": {
    "npm:@bufbuild/protobuf@^2.2.3": "2.2.3",
    "npm:tsdown@0.22": "0.22.9_typescript@5.9.3",
    "npm:typescript@^5.8.3": "5.9.3"
  },
  "npm": {
    "@bufbuild/protobuf@2.2.3": {
      "integrity": "sha512-tFQoXHJdkEOSwj5tRIZSPNUuXK3RaR7T1nUrPgbYX1pUbvqqaaZAsfo+NXBPsz5rZMSKVFrgK1WL8Q/MSLvprg=="
    },
    "@emnapi/core@1.11.2": {
      "integrity": "sha512-TC8MkTuZUtcTSiFeuC0ksCh9QIJ5+F21MvZ4Wn4ORfYaFJ/0dsiudv5tVkejgwZlwQ39jL9WWDe2lz8x0WglOA==",
      "dependencies": [
        "@emnapi/wasi-threads",
        "tslib"
      ]
    },
    "@emnapi/runtime@1.11.2": {
      "integrity": "sha512-kyOl3X0DuTiT1h2ft8r2fYO8JYtU9a9Xis/zBSiGArNaagCOWx90N1k2wxp18czFDH+OgcWGb5ZP/XMt3dcyPA==",
      "dependencies": [
        "tslib"
      ]
    },
    "@emnapi/wasi-threads@1.2.2": {
      "integrity": "sha512-c95qOXkHdydNKhscBTebqEC1CVAZpyqOfVfBzQ1qgzyl3gfeldUjIggDbIZgDKsHLgnsM+igH7TJ/eAasaVuMA==",
      "dependencies": [
        "tslib"
      ]
    },
    "@napi-rs/wasm-runtime@1.1.6_@emnapi+core@1.11.2_@emnapi+runtime@1.11.2": {
      "integrity": "sha512-ZLv/JdUfkvOy9eCnnBaGfiO+XimbjebAeO+MRQqD/B+FR1tnRN0tpKSJHRbE8sFfS6aqsXZ67TQjfwfsxULVbg==",
      "dependencies": [
        "@emnapi/core",
        "@emnapi/runtime",
        "@tybys/wasm-util"
      ]
    },
    "@oxc-project/types@0.140.0": {
      "integrity": "sha512-h5LUOzGArYemnW1NMz/DuuQhBi96J6JL2Bk8zE4kvqxB5Sg3jxmCiH4uyOWHDkiKSt5vWlG4FIwCR/DbstcNRQ=="
    },
    "@quansync/fs@1.0.0": {
      "integrity": "sha512-4TJ3DFtlf1L5LDMaM6CanJ/0lckGNtJcMjQ1NAV6zDmA0tEHKZtxNKin8EgPaVX1YzljbxckyT2tJrpQKAtngQ==",
      "dependencies": [
        "quansync"
      ]
    },
    "@rolldown/binding-android-arm64@1.2.0": {
      "integrity": "sha512-9yB1l95IrJuNGDFdOYe79vdApdz6WWBCObE+rQ2LUliYUlcyFwSYIb2xb5/Ifw7dAtMy2ZqNyd8QTSOc7duAKw==",
      "os": ["android"],
      "cpu": ["arm64"]
    },
    "@rolldown/binding-darwin-arm64@1.2.0": {
      "integrity": "sha512-pexNaW9ACLUOaBITOpU6qVu4VrsOFIjTv6bzgu0YUATo4eUJx0V605PxwZfndpPOn0ilqGqvGQ0M8UW0IE24jg==",
      "os": ["darwin"],
      "cpu": ["arm64"]
    },
    "@rolldown/binding-darwin-x64@1.2.0": {
      "integrity": "sha512-NqKYaq0355ZmNMG4QGpxtEDxsc7tGDhjhCm4PpE0cwnBW+5Il95LJyq414niEiaKLVjnVHBEjSo1wngKxJNiFw==",
      "os": ["darwin"],
      "cpu": ["x64"]
    },
    "@rolldown/binding-freebsd-x64@1.2.0": {
      "integrity": "sha512-3vPoHzh6eBTz9IbB0/qZdSr0Qeks2echn+I4cHu2joV74VriPDdldswksEDzrl1mBB+oPRi+67+3Ib59paxIPQ==",
      "os": ["freebsd"],
      "cpu": ["x64"]
    },
    "@rolldown/binding-linux-arm-gnueabihf@1.2.0": {
      "integrity": "sha512-E6NNefZ1bUVmKJq2tJkf45J4Zyczj7qm9rUT7NY+Xo2474Y13qWAwc2tvBt0BAVbmtXR1llkxXg0Ou1jbDf2SQ==",
      "os": ["linux"],
      "cpu": ["arm"]
    },
    "@rolldown/binding-linux-arm64-gnu@1.2.0": {
      "integrity": "sha512-D+TgkdgM1vu+7/Fpf8+v0ARW+RXEP9Ccazgm8zQ4JFFd9Q7SrYQ2TakU5S5ihazQDgpKyAgZDOcIFsvoHmTZ8w==",
      "os": ["linux"],
      "cpu": ["arm64"]
    },
    "@rolldown/binding-linux-arm64-musl@1.2.0": {
      "integrity": "sha512-wUqdwJBbAv0APN87GecstdMUtLjjNTs0hBALpxETD73mccFxdmt/XeizXDtN5RAlBwNKmI+Tg+blect2G+8IeQ==",
      "os": ["linux"],
      "cpu": ["arm64"]
    },
    "@rolldown/binding-linux-ppc64-gnu@1.2.0": {
      "integrity": "sha512-9DtF35qR9/NrfhM4oxLplCzVVjE+KKm8Pjemi0i/sdhAWkUasjmSo8WTTubNJClhSHCfyk2yeyoXDQEDPtDAAw==",
      "os": ["linux"],
      "cpu": ["ppc64"]
    },
    "@rolldown/binding-linux-s390x-gnu@1.2.0": {
      "integrity": "sha512-RzuHrBh8X8Hntd2N4VR02QGEciq/9JhcZoTpR/Cee6otRrlILGCf3cg2ygHuih+ZebUnWmMrDX6ITI85btO6rQ==",
      "os": ["linux"],
      "cpu": ["s390x"]
    },
    "@rolldown/binding-linux-x64-gnu@1.2.0": {
      "integrity": "sha512-MK7L0018jjh1jR3mh21G2j1zAVcpscJBlPo2z19pRjv2XOYGRhaV4LyiD8HO6nCDdZln9IFgCMIV5yt4E3klGQ==",
      "os": ["linux"],
      "cpu": ["x64"]
    },
    "@rolldown/binding-linux-x64-musl@1.2.0": {
      "integrity": "sha512-gyrxLQ9NfGb/9LoVnC4kb9miUghw1mghnkfYvNHSnVIXriabnfgGPUP4RLcJm87q3KgYz4FYUG8IDiWUT+CpSw==",
      "os": ["linux"],
      "cpu": ["x64"]
    },
    "@rolldown/binding-openharmony-arm64@1.2.0": {
      "integrity": "sha512-/6VFMQGRmrhP77KXDC+StIxGzcNp5JOIyYtw0CQ8gPlzhpiIRucYfoM5FaFamHd5BJYIdH86yfP46l1p3WdrFA==",
      "os": ["openharmony"],
      "cpu": ["arm64"]
    },
    "@rolldown/binding-wasm32-wasi@1.2.0": {
      "integrity": "sha512-rwdbUL465kisF24WEJLvP3JrEG6E5GRuIHt5wpMwHGERtHe4Wm2CIvtf5gTBgr2tGOHKh5NdKEAFS2VkOPE91g==",
      "dependencies": [
        "@emnapi/core",
        "@emnapi/runtime",
        "@napi-rs/wasm-runtime"
      ],
      "cpu": ["wasm32"]
    },
    "@rolldown/binding-win32-arm64-msvc@1.2.0": {
      "integrity": "sha512-+5suHwRiKGmhwyUaNT8a5QbrBvLFh2DbO910TEmGRH1aSxwrCezodvGQnulv4uiWEIv1Kq4ypRsJ5+O+ry1DiA==",
      "os": ["win32"],
      "cpu": ["arm64"]
    },
    "@rolldown/binding-win32-x64-msvc@1.2.0": {
      "integrity": "sha512-WfFv6/qGufotqBSBzBYwgpCkJBk8Nj7697LL9vTz/XWc67e0r3oewu8iMRwQj3AUL45GVD7wVsPjCsAAtW66Wg==",
      "os": ["win32"],
      "cpu": ["x64"]
    },
    "@rolldown/pluginutils@1.0.1": {
      "integrity": "sha512-2j9bGt5Jh8hj+vPtgzPtl72j0yRxHAyumoo6TNfAjsLB04UtpSvPbPcDcBMxz7n+9CYB0c1GxQFxYRg2jimqGw=="
    },
    "@tybys/wasm-util@0.10.3": {
      "integrity": "sha512-F3fo1MYrRJYL3zER0OUOmkutjr1Vp23m7OsSgp7nq4SP6OqX6C/56XFIPAl5bt3zaBRjmW7SGz3u/6LwFpYcOg==",
      "dependencies": [
        "tslib"
      ]
    },
    "@yuku-codegen/binding-darwin-arm64@0.6.12": {
      "integrity": "sha512-C9rpGA8S8MTze6+EeM9wVu63OXyfzvzhVaBW7gvvS+X36uQc3DZ3qAN5kuXkRVaVN+pJqb+maIKEjnJ0k9lwmw==",
      "os": ["darwin"],
      "cpu": ["arm64"]
    },
    "@yuku-codegen/binding-darwin-x64@0.6.12": {
      "integrity": "sha512-YV2jLF2hJtkRjw50szArmyl19DI2s50Y0v+UTb6vADaDTts0kCP/ZJ5bvTX8XuX/5RW7kTERZx/PI+w/9lnAKw==",
      "os": ["darwin"],
      "cpu": ["x64"]
    },
    "@yuku-codegen/binding-freebsd-x64@0.6.12": {
      "integrity": "sha512-hNAMOQhYuW9f3wIPwP7anyvr+sBBwtEUSTEOD7BYwcuay9f+wjAYM+UBiL2wiJ/4L/0yV0SNc1fF/N+BWEKqKw==",
      "os": ["freebsd"],
      "cpu": ["x64"]
    },
    "@yuku-codegen/binding-linux-arm-gnu@0.6.12": {
      "integrity": "sha512-ClOiLpyofntNGZzQ3BxbwkNe92J911t9C2R3s6HwQ2yH0lRLS88DUey7+xQNu4az96T1PEc+pR9ZIP/GzOCHNg==",
      "os": ["linux"],
      "cpu": ["arm"]
    },
    "@yuku-codegen/binding-linux-arm-musl@0.6.12": {
      "integrity": "sha512-8LnO3kYIEpm13Gj0RDfM2hciPxagTZWJcB6RM6DZBEF+GJYsmOII90F0UulLzn/l2bLY5oVPMPgF0Rn29fY2jw==",
      "os": ["linux"],
      "cpu": ["arm"]
    },
    "@yuku-codegen/binding-linux-arm64-gnu@0.6.12": {
      "integrity": "sha512-GdETEflvfkPtdEpzT6QBAucsMAt7wiLYMk4+w1qA34J02OAo11BsTJrxUkPaQ4z/S6KkX3IfK5Ud9rCAyelnCg==",
      "os": ["linux"],
      "cpu": ["arm64"]
    },
    "@yuku-codegen/binding-linux-arm64-musl@0.6.12": {
      "integrity": "sha512-ztFEUChX/sK9B0DH6//g4/QYl4dvTs3BOE+YMVt7pxg9G9fzBcV1vMZdROuXXNGWp6/hU56kTSZ8t4uW/0qpjw==",
      "os": ["linux"],
      "cpu": ["arm64"]
    },
    "@yuku-codegen/binding-linux-x64-gnu@0.6.12": {
      "integrity": "sha512-aDZEat8bARks9upxd8Joi7LGatX2B/TwlnXIdbMCGlONK3WAEroihY1SUyGlf02niU1OyBidhlN7l3l+LByMxw==",
      "os": ["linux"],
      "cpu": ["x64"]
    },
    "@yuku-codegen/binding-linux-x64-musl@0.6.12": {
      "integrity": "sha512-IEuUSS04RsAx+d3PpAMAgCmEC0PzAuk5cath2Zk/KGe/te1zwTjZGxbBJM7n+0APaHB+IhUEMgm0bcjIAweEVQ==",
      "os": ["linux"],
      "cpu": ["x64"]
    },
    "@yuku-codegen/binding-win32-arm64@0.6.12": {
      "integrity": "sha512-0HHfyj/TbuFN09QFyypZ4+5vqmxeOYmEdFGuDnsq0KJdxnTeH0Fbqh1Bn7ZRV89IRzi8Fm7zSkb3mMJIS8Tk4g==",
      "os": ["win32"],
      "cpu": ["arm64"]
    },
    "@yuku-codegen/binding-win32-x64@0.6.12": {
      "integrity": "sha512-ZItYULslPqB9S7b53v23IeUcPCd5NeW+5+BoMyCY5/AEsMADKdznZXd4ELO1TZxv+0oA55g3iAOC9GWgigCsZA==",
      "os": ["win32"],
      "cpu": ["x64"]
    },
    "@yuku-parser/binding-darwin-arm64@0.6.12": {
      "integrity": "sha512-8nsmwwzuh2YCmJ3LT26RQp1tvS6FzGC2+XP6wFz6TNaBtQje+QgwkVdKVuECVWNHPFmuSTHonOnSzX0QirHqvQ==",
      "os": ["darwin"],
      "cpu": ["arm64"]
    },
    "@yuku-parser/binding-darwin-x64@0.6.12": {
      "integrity": "sha512-URbCSLE/B0jWnB94RpOxak2TM0GvRLUmArtfb/UmxtQfNOLed4LKK0jUv68IMAL9lOmJlvOBH9UwOyeuLEfuvA==",
      "os": ["darwin"],
      "cpu": ["x64"]
    },
    "@yuku-parser/binding-freebsd-x64@0.6.12": {
      "integrity": "sha512-VmiuUxe6uUe2c5tmBnIdZ+/LQ++ioKIZcCP/zMB8E7tuUaQesvMEPOS8ZQrUohFY2VlrKroiATaB1l9KJw15Zw==",
      "os": ["freebsd"],
      "cpu": ["x64"]
    },
    "@yuku-parser/binding-linux-arm-gnu@0.6.12": {
      "integrity": "sha512-q9WcllopGo8W9qzMz4Aahew3z/rLxiZFpmVoZQaLjwaO9EDW3sULue2zJ9agvVMf1NzRXircauTUrPZ4EZ74cQ==",
      "os": ["linux"],
      "cpu": ["arm"]
    },
    "@yuku-parser/binding-linux-arm-musl@0.6.12": {
      "integrity": "sha512-DcEO5Ywaw4r5keOonqdvuQdKNqN+VipJrdiC+jakOwiy1NLSbseylyufheg6uafviMuGn2to1oWw1FXD6Y4ztQ==",
      "os": ["linux"],
      "cpu": ["arm"]
    },
    "@yuku-parser/binding-linux-arm64-gnu@0.6.12": {
      "integrity": "sha512-zUFJar5Y9On9eIAw6kLxCmuAirGUjC3pyLdxrHC1dYueIMzZDrBa0hyzHRC7Nybr6R7COQ2U0oVZuZcl46RboA==",
      "os": ["linux"],
      "cpu": ["arm64"]
    },
    "@yuku-parser/binding-linux-arm64-musl@0.6.12": {
      "integrity": "sha512-nPkXLUBQ0GiU0+BQByTb5M+a9wnCfM0SSBmIHYJ2KtaRUYmOruMut4AyBOVwIE2mbPeiOYcrWpMkseeFJ7Wonw==",
      "os": ["linux"],
      "cpu": ["arm64"]
    },
    "@yuku-parser/binding-linux-x64-gnu@0.6.12": {
      "integrity": "sha512-XucJKw1k2nyfQoiBJiQJm1q3n6K8rCDvhQpF4XRoIzTQNhAV2sldEayJvCAsTS4orCHcsDqrDrBVRMRg8ExXPw==",
      "os": ["linux"],
      "cpu": ["x64"]
    },
    "@yuku-parser/binding-linux-x64-musl@0.6.12": {
      "integrity": "sha512-+p17OXn9xf4zePE3EEh1NriHv5GtfBJ8dEeaGVHUQNo5rkzDzcMH3PrMUD00RqWrWci5BfY7jMhMxgUye+NArA==",
      "os": ["linux"],
      "cpu": ["x64"]
    },
    "@yuku-parser/binding-win32-arm64@0.6.12": {
      "integrity": "sha512-BF6hLXQzaKj5Rn5r1QrCu6GBqdkjOOb8qpzWoKdG18QVhr/pnMPJpFl9isMg20orlOM+Kl/mU6XfzljgmzbocQ==",
      "os": ["win32"],
      "cpu": ["arm64"]
    },
    "@yuku-parser/binding-win32-x64@0.6.12": {
      "integrity": "sha512-Qv4Lwg3pvLJrLg+JlB71Xuz3kIxEg/S402jpoLSlchvUkQKTzO+dii0+97FZfQsN67pqqssenhezg5iLNrdw1w==",
      "os": ["win32"],
      "cpu": ["x64"]
    },
    "@yuku-toolchain/types@0.5.43": {
      "integrity": "sha512-kSpvPntnXw5+lYjO71ffBEnQ5ycQ74KGIYknh0TS4xeyCuBkOqxyJumxZkMhLBBUCLjDAbx2+Icnr3Zh4ftjpQ=="
    },
    "@yuku-toolchain/types@0.6.11": {
      "integrity": "sha512-i1JYFNJaKNCgyJ/nVoR8GK7wvlXF+ShYzFHBauWcvg8IoiXInK7pVziHcgNz/MWLPNr/Mb/CtmXccrJMkKqSHQ=="
    },
    "@yuku-toolchain/types@0.6.8": {
      "integrity": "sha512-AbUd1775RVkOxJkh8hkldIWoU6kRMTCsZFSZq8Ny53q7GkbaVe5UCfleNZ3RWCoz/ZKE8qwfeB7Cj0xqhLWsKA=="
    },
    "ansis@4.3.1": {
      "integrity": "sha512-BJ8/l4R5LRE7hW9WdSuGYrLSHi2ynxeFpDFbH0K/CgNeY/tyhk+vO6TYxXC5r5CpUhNVX310xzPsN/H9lCdfOA=="
    },
    "cac@7.0.0": {
      "integrity": "sha512-tixWYgm5ZoOD+3g6UTea91eow5z6AAHaho3g0V9CNSNb45gM8SmflpAc+GRd1InC4AqN/07Unrgp56Y94N9hJQ=="
    },
    "defu@6.1.7": {
      "integrity": "sha512-7z22QmUWiQ/2d0KkdYmANbRUVABpZ9SNYyH5vx6PZ+nE5bcC0l7uFvEfHlyld/HcGBFTL536ClDt3DEcSlEJAQ=="
    },
    "dts-resolver@3.0.0": {
      "integrity": "sha512-1T1f+z+4tl9XD+m+0HBgWoL/nm0bOIffyWaUuUSBlFg/86IWvfx+wjNaO/ybU0AJzG9/Mi5hBUgGV6zCmWEN7Q=="
    },
    "empathic@2.0.1": {
      "integrity": "sha512-YGRs8knHhKHVShLkFET/rWAU8kmHbOV5LwN938RHI0pljAJ1Gf6SzXsSmRaEzcXTtOOmVqJ5+WtQPL5uigY50Q=="
    },
    "fdir@6.5.0_picomatch@4.0.5": {
      "integrity": "sha512-tIbYtZbucOs0BRGqPJkshJUYdL+SDH7dVM8gjy+ERp3WAUjLEFJE+02kanyHtwjWOnwrKYBiwAmM0p4kLJAnXg==",
      "dependencies": [
        "picomatch"
      ],
      "optionalPeers": [
        "picomatch"
      ]
    },
    "get-tsconfig@5.0.0-beta.5": {
      "integrity": "sha512-/6gFNr0N04nob252sTQxyFLi3eKFRqIg1I87YcqAMT1i6SQrSF6KujUEQrtrjMV0H/eejTCltLdDSTEMzHbnsQ==",
      "dependencies": [
        "resolve-pkg-maps"
      ]
    },
    "hookable@6.1.1": {
      "integrity": "sha512-U9LYDy1CwhMCnprUfeAZWZGByVbhd54hwepegYTK7Pi5NvqEj63ifz5z+xukznehT7i6NIZRu89Ay1AZmRsLEQ=="
    },
    "import-without-cache@0.4.0": {
      "integrity": "sha512-NkJQA7oZ4YHQhd2+H3BoRFKF3d/XNsiKpHZCQEMH9pDX27hQQLsTyOocyRgaIVtf8gHX3Nt3LPkR4e5EdtPAGQ=="
    },
    "obug@2.1.4": {
      "integrity": "sha512-4a+OsYv9UktOJKE+l1A4OufDgdRF9PifWj+tJnHURo/P+WOxpG4GzUFL9qCalmWauao6ogiG+QvnCovwPoyAWA=="
    },
    "picomatch@4.0.5": {
      "integrity": "sha512-RvwwcruNjI1ncT5xRakeyS9Lf8lcItv34KD+aif+VH9kduAyfYBipGh12274xtenIPZ119/R9BdTBa8gAwSh0A=="
    },
    "quansync@1.0.0": {
      "integrity": "sha512-5xZacEEufv3HSTPQuchrvV6soaiACMFnq1H8wkVioctoH3TRha9Sz66lOxRwPK/qZj7HPiSveih9yAyh98gvqA=="
    },
    "resolve-pkg-maps@1.0.0": {
      "integrity": "sha512-seS2Tj26TBVOC2NIc2rOe2y2ZO7efxITtLZcGSOnHHNOQ7CkiUBfw0Iw2ck6xkIhPwLhKNLS8BO+hEpngQlqzw=="
    },
    "rolldown-plugin-dts@0.27.11_rolldown@1.2.0_typescript@5.9.3": {
      "integrity": "sha512-DnBl4USSTV/h/sgy//QjCLHVo2JypE/52P5QugGeYaEqZmjBz/FYESOld0MhyIhul2U3Vsh41K63UWGHhJU/qQ==",
      "dependencies": [
        "dts-resolver",
        "get-tsconfig",
        "obug",
        "rolldown",
        "typescript",
        "yuku-ast@0.1.7",
        "yuku-codegen",
        "yuku-parser"
      ],
      "optionalPeers": [
        "typescript"
      ]
    },
    "rolldown@1.2.0": {
      "integrity": "sha512-u7tgm5l4Yw1iTqUL4EcYOAt7fFvCgQMLeidrnD4GALlC6aOznCjezYajgxeyKw27u0Q5N7fwgCzjVyPIWzwuBA==",
      "dependencies": [
        "@oxc-project/types",
        "@rolldown/pluginutils"
      ],
      "optionalDependencies": [
        "@rolldown/binding-android-arm64",
        "@rolldown/binding-darwin-arm64",
        "@rolldown/binding-darwin-x64",
        "@rolldown/binding-freebsd-x64",
        "@rolldown/binding-linux-arm-gnueabihf",
        "@rolldown/binding-linux-arm64-gnu",
        "@rolldown/binding-linux-arm64-musl",
        "@rolldown/binding-linux-ppc64-gnu",
        "@rolldown/binding-linux-s390x-gnu",
        "@rolldown/binding-linux-x64-gnu",
        "@rolldown/binding-linux-x64-musl",
        "@rolldown/binding-openharmony-arm64",
        "@rolldown/binding-wasm32-wasi",
        "@rolldown/binding-win32-arm64-msvc",
        "@rolldown/binding-win32-x64-msvc"
      ],
      "bin": true
    },
    "semver@7.8.5": {
      "integrity": "sha512-Y7/KDsb8LjooZpwaqGyulO6DQlksgCncchHGk+sZIY4SBvUocMBEFH5Ur1fI4dV+Jvl0w6cjvucaIi40puRioA==",
      "bin": true
    },
    "tinyexec@1.2.4": {
      "integrity": "sha512-SHf/r48b7vOrjve9PxJo3MN5v5yuyjHvdUcrQffT3WXMUfnGmHDVbC4k3sHJaJTgZCwpUplIaAo5ANtMyp3YHg=="
    },
    "tinyglobby@0.2.17": {
      "integrity": "sha512-wXR/dYpcqKmfWpEdZjiKJOwCNFndD0DMnrW/cYjVGttEkBfVgcLFHoNrlj47mjOVic9yyNu65alsgF4NQyTa2g==",
      "dependencies": [
        "fdir",
        "picomatch"
      ]
    },
    "tree-kill@1.2.2": {
      "integrity": "sha512-L0Orpi8qGpRG//Nd+H90vFB+3iHnue1zSSGmNOOCh1GLJ7rUKVwV2HvijphGQS2UmhUZewS9VgvxYIdgr+fG1A==",
      "bin": true
    },
    "tsdown@0.22.9_typescript@5.9.3": {
      "integrity": "sha512-/0QEjQEhOU1t1YxOIAGzFN7bIssd8P0pBpkOmNLCQi3c5UtrcMF5bvq3f30xHJNW9QCA9aUNcNAorMr2CTd6Lg==",
      "dependencies": [
        "ansis",
        "cac",
        "defu",
        "empathic",
        "hookable",
        "import-without-cache",
        "obug",
        "picomatch",
        "rolldown",
        "rolldown-plugin-dts",
        "semver",
        "tinyexec",
        "tinyglobby",
        "tree-kill",
        "typescript",
        "unconfig-core"
      ],
      "optionalPeers": [
        "typescript"
      ],
      "bin": true
    },
    "tslib@2.8.1": {
      "integrity": "sha512-oJFu94HQb+KVduSUQL7wnpmqnfmLsOA/nAh6b6EH0wCEoK0/mPeXU6c3wKDV83MkOuHPRHtSXKKU99IBazS/2w=="
    },
    "typescript@5.9.3": {
      "integrity": "sha512-jl1vZzPDinLr9eUt3J/t7V6FgNEw9QjvBPdysz9KfQDD41fQrC2Y4vKQdiaUpFT4bXlb1RHhLpp8wtm6M5TgSw==",
      "bin": true
    },
    "unconfig-core@7.5.0": {
      "integrity": "sha512-Su3FauozOGP44ZmKdHy2oE6LPjk51M/TRRjHv2HNCWiDvfvCoxC2lno6jevMA91MYAdCdwP05QnWdWpSbncX/w==",
      "dependencies": [
        "@quansync/fs",
        "quansync"
      ]
    },
    "yuku-ast@0.1.7": {
      "integrity": "sha512-2RiMEWv500TixY5rJy6OZd4fSy9WYZKWh6gGbIJ7y7vAGcuCugWOWwOLGaQcRZrXcPUfqtLtvpaJ3SdXtWlhKA==",
      "dependencies": [
        "@yuku-toolchain/types@0.5.43"
      ]
    },
    "yuku-ast@0.6.11": {
      "integrity": "sha512-ZfXkFYVsDewS45+kv3WiA/qNB73CRfxFDEQwfnRMUAR4AD5zRI7PRqxmI2U3Jz/oG41GneTVW6mxDOQal0lgeA==",
      "dependencies": [
        "@yuku-toolchain/types@0.6.8"
      ]
    },
    "yuku-codegen@0.6.12": {
      "integrity": "sha512-5cAJedx9MdKf/ngFpMYH9B1DKaB3FVJOPncl80M+8nNS2rEvrta17N59ryEVIewuHYS81o4XDb4Hg5/5hBdF7A==",
      "dependencies": [
        "@yuku-toolchain/types@0.6.11"
      ],
      "optionalDependencies": [
        "@yuku-codegen/binding-darwin-arm64",
        "@yuku-codegen/binding-darwin-x64",
        "@yuku-codegen/binding-freebsd-x64",
        "@yuku-codegen/binding-linux-arm-gnu",
        "@yuku-codegen/binding-linux-arm-musl",
        "@yuku-codegen/binding-linux-arm64-gnu",
        "@yuku-codegen/binding-linux-arm64-musl",
        "@yuku-codegen/binding-linux-x64-gnu",
        "@yuku-codegen/binding-linux-x64-musl",
        "@yuku-codegen/binding-win32-arm64",
        "@yuku-codegen/binding-win32-x64"
      ]
    },
    "yuku-parser@0.6.12": {
      "integrity": "sha512-A1+KVTvdm1pQmrl/cS5JlqFvUclKpM8I5MvAOoQnYSGmmJBVDKN24HNXiZmxE8Ndsl4g3qBliZBAxq8/J4pKxA==",
      "dependencies": [
        "@yuku-toolchain/types@0.6.11",
        "yuku-ast@0.6.11"
      ],
      "optionalDependencies": [
        "@yuku-parser/binding-darwin-arm64",
        "@yuku-parser/binding-darwin-x64",
        "@yuku-parser/binding-freebsd-x64",
        "@yuku-parser/binding-linux-arm-gnu",
        "@yuku-parser/binding-linux-arm-musl",
        "@yuku-parser/binding-linux-arm64-gnu",
        "@yuku-parser/binding-linux-arm64-musl",
        "@yuku-parser/binding-linux-x64-gnu",
        "@yuku-parser/binding-linux-x64-musl",
        "@yuku-parser/binding-win32-arm64",
        "@yuku-parser/binding-win32-x64"
      ]
    }
  },
  "workspace": {
    "dependencies": [
      "npm:@bufbuild/protobuf@^2.2.3"
    ],
    "packageJson": {
      "dependencies": [
        "npm:@bufbuild/protobuf@^2.2.3",
        "npm:tsdown@0.22",
        "npm:typescript@^5.8.3"
      ]
    }
  }
}
